
Microsoft Visual Studio Solution File, Format Version 12.00
# Visual Studio Version 16
VisualStudioVersion = 16.0.29503.13
MinimumVisualStudioVersion = 10.0.40219.1
Project("{FAE04EC0-301F-11D3-BF4B-00C04F79EFBC}") = "InsertPublisherApp", "Week9-T1\InsertPublisherApp.csproj", "{A13F4EFB-D09B-4AD3-A57F-383B40850B0B}"
EndProject
Project("{FAE04EC0-301F-11D3-BF4B-00C04F79EFBC}") = "SummaryPublisherApp", "SummaryPublisherApp\SummaryPublisherApp.csproj", "{22DD7745-6706-45AA-9C81-F39FE15D28D8}"
EndProject
Project("{FAE04EC0-301F-11D3-BF4B-00C04F79EFBC}") = "CrudBookApp", "CrudBookApp\CrudBookApp.csproj", "{A7878757-CBF2-424B-8EDF-8CAA31F0E88E}"
EndProject
Global
	GlobalSection(SolutionConfigurationPlatforms) = preSolution
		Debug|Any CPU = Debug|Any CPU
		Release|Any CPU = Release|Any CPU
	EndGlobalSection
	GlobalSection(ProjectConfigurationPlatforms) = postSolution
		{A13F4EFB-D09B-4AD3-A57F-383B40850B0B}.Debug|Any CPU.ActiveCfg = Debug|Any CPU
		{A13F4EFB-D09B-4AD3-A57F-383B40850B0B}.Debug|Any CPU.Build.0 = Debug|Any CPU
		{A13F4EFB-D09B-4AD3-A57F-383B40850B0B}.Release|Any CPU.ActiveCfg = Release|Any CPU
		{A13F4EFB-D09B-4AD3-A57F-383B40850B0B}.Release|Any CPU.Build.0 = Release|Any CPU
		{22DD7745-6706-45AA-9C81-F39FE15D28D8}.Debug|Any CPU.ActiveCfg = Debug|Any CPU
		{22DD7745-6706-45AA-9C81-F39FE15D28D8}.Debug|Any CPU.Build.0 = Debug|Any CPU
		{22DD7745-6706-45AA-9C81-F39FE15D28D8}.Release|Any CPU.ActiveCfg = Release|Any CPU
		{22DD7745-6706-45AA-9C81-F39FE15D28D8}.Release|Any CPU.Build.0 = Release|Any CPU
		{A7878757-CBF2-424B-8EDF-8CAA31F0E88E}.Debug|Any CPU.ActiveCfg = Debug|Any CPU
		{A7878757-CBF2-424B-8EDF-8CAA31F0E88E}.Debug|Any CPU.Build.0 = Debug|Any CPU
		{A7878757-CBF2-424B-8EDF-8CAA31F0E88E}.Release|Any CPU.ActiveCfg = Release|Any CPU
		{A7878757-CBF2-424B-8EDF-8CAA31F0E88E}.Release|Any CPU.Build.0 = Release|Any CPU
	EndGlobalSection
	GlobalSection(SolutionProperties) = preSolution
		HideSolutionNode = FALSE
	EndGlobalSection
	GlobalSection(ExtensibilityGlobals) = postSolution
		SolutionGuid = {ABA88DE2-F752-459C-92A5-104BEB8CF53E}
	EndGlobalSection
EndGlobal
